// !$*UTF8*$!
{
	archiveVersion = 1;
	classes = {
	};
	objectVersion = 48;
	objects = {

/* Begin PBXBuildFile section */
		901F08C21FD690260013F608 /* AppDelegate.swift in Sources */ = {isa = PBXBuildFile; fileRef = 901F08C11FD690260013F608 /* AppDelegate.swift */; };
		901F08C41FD690260013F608 /* ViewController.swift in Sources */ = {isa = PBXBuildFile; fileRef = 901F08C31FD690260013F608 /* ViewController.swift */; };
		901F08C71FD690260013F608 /* Main.storyboard in Resources */ = {isa = PBXBuildFile; fileRef = 901F08C51FD690260013F608 /* Main.storyboard */; };
		901F08C91FD690260013F608 /* Assets.xcassets in Resources */ = {isa = PBXBuildFile; fileRef = 901F08C81FD690260013F608 /* Assets.xcassets */; };
		901F08CC1FD690260013F608 /* LaunchScreen.storyboard in Resources */ = {isa = PBXBuildFile; fileRef = 901F08CA1FD690260013F608 /* LaunchScreen.storyboard */; };
		901F08D71FD690260013F608 /* CollapsibleheadersTests.swift in Sources */ = {isa = PBXBuildFile; fileRef = 901F08D61FD690260013F608 /* CollapsibleheadersTests.swift */; };
		901F08E21FD690260013F608 /* CollapsibleheadersUITests.swift in Sources */ = {isa = PBXBuildFile; fileRef = 901F08E11FD690260013F608 /* CollapsibleheadersUITests.swift */; };
		901F08F01FD6A17A0013F608 /* CollapsibleTableViewHeader.swift in Sources */ = {isa = PBXBuildFile; fileRef = 901F08EF1FD6A17A0013F608 /* CollapsibleTableViewHeader.swift */; };
/* End PBXBuildFile section */

/* Begin PBXContainerItemProxy section */
		901F08D31FD690260013F608 /* PBXContainerItemProxy */ = {
			isa = PBXContainerItemProxy;
			containerPortal = 901F08B61FD690250013F608 /* Project object */;
			proxyType = 1;
			remoteGlobalIDString = 901F08BD1FD690250013F608;
			remoteInfo = Collapsibleheaders;
		};
		901F08DE1FD690260013F608 /* PBXContainerItemProxy */ = {
			isa = PBXContainerItemProxy;
			containerPortal = 901F08B61FD690250013F608 /* Project object */;
			proxyType = 1;
			remoteGlobalIDString = 901F08BD1FD690250013F608;
			remoteInfo = Collapsibleheaders;
		};
/* End PBXContainerItemProxy section */

/* Begin PBXFileReference section */
		901F08BE1FD690250013F608 /* Collapsibleheaders.app */ = {isa = PBXFileReference; explicitFileType = wrapper.application; includeInIndex = 0; path = Collapsibleheaders.app; sourceTree = BUILT_PRODUCTS_DIR; };
		901F08C11FD690260013F608 /* AppDelegate.swift */ = {isa = PBXFileReference; lastKnownFileType = sourcecode.swift; path = AppDelegate.swift; sourceTree = "<group>"; };
		901F08C31FD690260013F608 /* ViewController.swift */ = {isa = PBXFileReference; lastKnownFileType = sourcecode.swift; path = ViewController.swift; sourceTree = "<group>"; };
		901F08C61FD690260013F608 /* Base */ = {isa = PBXFileReference; lastKnownFileType = file.storyboard; name = Base; path = Base.lproj/Main.storyboard; sourceTree = "<group>"; };
		901F08C81FD690260013F608 /* Assets.xcassets */ = {isa = PBXFileReference; lastKnownFileType = folder.assetcatalog; path = Assets.xcassets; sourceTree = "<group>"; };
		901F08CB1FD690260013F608 /* Base */ = {isa = PBXFileReference; lastKnownFileType = file.storyboard; name = Base; path = Base.lproj/LaunchScreen.storyboard; sourceTree = "<group>"; };
		901F08CD1FD690260013F608 /* Info.plist */ = {isa = PBXFileReference; lastKnownFileType = text.plist.xml; path = Info.plist; sourceTree = "<group>"; };
		901F08D21FD690260013F608 /* CollapsibleheadersTests.xctest */ = {isa = PBXFileReference; explicitFileType = wrapper.cfbundle; includeInIndex = 0; path = CollapsibleheadersTests.xctest; sourceTree = BUILT_PRODUCTS_DIR; };
		901F08D61FD690260013F608 /* CollapsibleheadersTests.swift */ = {isa = PBXFileReference; lastKnownFileType = sourcecode.swift; path = CollapsibleheadersTests.swift; sourceTree = "<group>"; };
		901F08D81FD690260013F608 /* Info.plist */ = {isa = PBXFileReference; lastKnownFileType = text.plist.xml; path = Info.plist; sourceTree = "<group>"; };
		901F08DD1FD690260013F608 /* CollapsibleheadersUITests.xctest */ = {isa = PBXFileReference; explicitFileType = wrapper.cfbundle; includeInIndex = 0; path = CollapsibleheadersUITests.xctest; sourceTree = BUILT_PRODUCTS_DIR; };
		901F08E11FD690260013F608 /* CollapsibleheadersUITests.swift */ = {isa = PBXFileReference; lastKnownFileType = sourcecode.swift; path = CollapsibleheadersUITests.swift; sourceTree = "<group>"; };
		901F08E31FD690260013F608 /* Info.plist */ = {isa = PBXFileReference; lastKnownFileType = text.plist.xml; path = Info.plist; sourceTree = "<group>"; };
		901F08EF1FD6A17A0013F608 /* CollapsibleTableViewHeader.swift */ = {isa = PBXFileReference; lastKnownFileType = sourcecode.swift; path = CollapsibleTableViewHeader.swift; sourceTree = "<group>"; };
/* End PBXFileReference section */

/* Begin PBXFrameworksBuildPhase section */
		901F08BB1FD690250013F608 /* Frameworks */ = {
			isa = PBXFrameworksBuildPhase;
			buildActionMask = 2147483647;
			files = (
			);
			runOnlyForDeploymentPostprocessing = 0;
		};
		901F08CF1FD690260013F608 /* Frameworks */ = {
			isa = PBXFrameworksBuildPhase;
			buildActionMask = 2147483647;
			files = (
			);
			runOnlyForDeploymentPostprocessing = 0;
		};
		901F08DA1FD690260013F608 /* Frameworks */ = {
			isa = PBXFrameworksBuildPhase;
			buildActionMask = 2147483647;
			files = (
			);
			runOnlyForDeploymentPostprocessing = 0;
		};
/* End PBXFrameworksBuildPhase section */

/* Begin PBXGroup section */
		901F08B51FD690250013F608 = {
			isa = PBXGroup;
			children = (
				901F08C01FD690250013F608 /* Collapsibleheaders */,
				901F08D51FD690260013F608 /* CollapsibleheadersTests */,
				901F08E01FD690260013F608 /* CollapsibleheadersUITests */,
				901F08BF1FD690250013F608 /* Products */,
			);
			sourceTree = "<group>";
		};
		901F08BF1FD690250013F608 /* Products */ = {
			isa = PBXGroup;
			children = (
				901F08BE1FD690250013F608 /* Collapsibleheaders.app */,
				901F08D21FD690260013F608 /* CollapsibleheadersTests.xctest */,
				901F08DD1FD690260013F608 /* CollapsibleheadersUITests.xctest */,
			);
			name = Products;
			sourceTree = "<group>";
		};
		901F08C01FD690250013F608 /* Collapsibleheaders */ = {
			isa = PBXGroup;
			children = (
				901F08C11FD690260013F608 /* AppDelegate.swift */,
				901F08C31FD690260013F608 /* ViewController.swift */,
				901F08C51FD690260013F608 /* Main.storyboard */,
				901F08EF1FD6A17A0013F608 /* CollapsibleTableViewHeader.swift */,
				901F08C81FD690260013F608 /* Assets.xcassets */,
				901F08CA1FD690260013F608 /* LaunchScreen.storyboard */,
				901F08CD1FD690260013F608 /* Info.plist */,
			);
			path = Collapsibleheaders;
			sourceTree = "<group>";
		};
		901F08D51FD690260013F608 /* CollapsibleheadersTests */ = {
			isa = PBXGroup;
			children = (
				901F08D61FD690260013F608 /* CollapsibleheadersTests.swift */,
				901F08D81FD690260013F608 /* Info.plist */,
			);
			path = CollapsibleheadersTests;
			sourceTree = "<group>";
		};
		901F08E01FD690260013F608 /* CollapsibleheadersUITests */ = {
			isa = PBXGroup;
			children = (
				901F08E11FD690260013F608 /* CollapsibleheadersUITests.swift */,
				901F08E31FD690260013F608 /* Info.plist */,
			);
			path = CollapsibleheadersUITests;
			sourceTree = "<group>";
		};
/* End PBXGroup section */

/* Begin PBXNativeTarget section */
		901F08BD1FD690250013F608 /* Collapsibleheaders */ = {
			isa = PBXNativeTarget;
			buildConfigurationList = 901F08E61FD690260013F608 /* Build configuration list for PBXNativeTarget "Collapsibleheaders" */;
			buildPhases = (
				901F08BA1FD690250013F608 /* Sources */,
				901F08BB1FD690250013F608 /* Frameworks */,
				901F08BC1FD690250013F608 /* Resources */,
			);
			buildRules = (
			);
			dependencies = (
			);
			name = Collapsibleheaders;
			productName = Collapsibleheaders;
			productReference = 901F08BE1FD690250013F608 /* Collapsibleheaders.app */;
			productType = "com.apple.product-type.application";
		};
		901F08D11FD690260013F608 /* CollapsibleheadersTests */ = {
			isa = PBXNativeTarget;
			buildConfigurationList = 901F08E91FD690260013F608 /* Build configuration list for PBXNativeTarget "CollapsibleheadersTests" */;
			buildPhases = (
				901F08CE1FD690260013F608 /* Sources */,
				901F08CF1FD690260013F608 /* Frameworks */,
				901F08D01FD690260013F608 /* Resources */,
			);
			buildRules = (
			);
			dependencies = (
				901F08D41FD690260013F608 /* PBXTargetDependency */,
			);
			name = CollapsibleheadersTests;
			productName = CollapsibleheadersTests;
			productReference = 901F08D21FD690260013F608 /* CollapsibleheadersTests.xctest */;
			productType = "com.apple.product-type.bundle.unit-test";
		};
		901F08DC1FD690260013F608 /* CollapsibleheadersUITests */ = {
			isa = PBXNativeTarget;
			buildConfigurationList = 901F08EC1FD690260013F608 /* Build configuration list for PBXNativeTarget "CollapsibleheadersUITests" */;
			buildPhases = (
				901F08D91FD690260013F608 /* Sources */,
				901F08DA1FD690260013F608 /* Frameworks */,
				901F08DB1FD690260013F608 /* Resources */,
			);
			buildRules = (
			);
			dependencies = (
				901F08DF1FD690260013F608 /* PBXTargetDependency */,
			);
			name = CollapsibleheadersUITests;
			productName = CollapsibleheadersUITests;
			productReference = 901F08DD1FD690260013F608 /* CollapsibleheadersUITests.xctest */;
			productType = "com.apple.product-type.bundle.ui-testing";
		};
/* End PBXNativeTarget section */

/* Begin PBXProject section */
		901F08B61FD690250013F608 /* Project object */ = {
			isa = PBXProject;
			attributes = {
				LastSwiftUpdateCheck = 0910;
				LastUpgradeCheck = 0910;
				ORGANIZATIONNAME = "Ben Smith";
				TargetAttributes = {
					901F08BD1FD690250013F608 = {
						CreatedOnToolsVersion = 9.1;
						ProvisioningStyle = Automatic;
					};
					901F08D11FD690260013F608 = {
						CreatedOnToolsVersion = 9.1;
						ProvisioningStyle = Automatic;
						TestTargetID = 901F08BD1FD690250013F608;
					};
					901F08DC1FD690260013F608 = {
						CreatedOnToolsVersion = 9.1;
						ProvisioningStyle = Automatic;
						TestTargetID = 901F08BD1FD690250013F608;
					};
				};
			};
			buildConfigurationList = 901F08B91FD690250013F608 /* Build configuration list for PBXProject "Collapsibleheaders" */;
			compatibilityVersion = "Xcode 8.0";
			developmentRegion = en;
			hasScannedForEncodings = 0;
			knownRegions = (
				en,
				Base,
			);
			mainGroup = 901F08B51FD690250013F608;
			productRefGroup = 901F08BF1FD690250013F608 /* Products */;
			projectDirPath = "";
			projectRoot = "";
			targets = (
				901F08BD1FD690250013F608 /* Collapsibleheaders */,
				901F08D11FD690260013F608 /* CollapsibleheadersTests */,
				901F08DC1FD690260013F608 /* CollapsibleheadersUITests */,
			);
		};
/* End PBXProject section */

/* Begin PBXResourcesBuildPhase section */
		901F08BC1FD690250013F608 /* Resources */ = {
			isa = PBXResourcesBuildPhase;
			buildActionMask = 2147483647;
			files = (
				901F08CC1FD690260013F608 /* LaunchScreen.storyboard in Resources */,
				901F08C91FD690260013F608 /* Assets.xcassets in Resources */,
				901F08C71FD690260013F608 /* Main.storyboard in Resources */,
			);
			runOnlyForDeploymentPostprocessing = 0;
		};
		901F08D01FD690260013F608 /* Resources */ = {
			isa = PBXResourcesBuildPhase;
			buildActionMask = 2147483647;
			files = (
			);
			runOnlyForDeploymentPostprocessing = 0;
		};
		901F08DB1FD690260013F608 /* Resources */ = {
			isa = PBXResourcesBuildPhase;
			buildActionMask = 2147483647;
			files = (
			);
			runOnlyForDeploymentPostprocessing = 0;
		};
/* End PBXResourcesBuildPhase section */

/* Begin PBXSourcesBuildPhase section */
		901F08BA1FD690250013F608 /* Sources */ = {
			isa = PBXSourcesBuildPhase;
			buildActionMask = 2147483647;
			files = (
				901F08C41FD690260013F608 /* ViewController.swift in Sources */,
				901F08F01FD6A17A0013F608 /* CollapsibleTableViewHeader.swift in Sources */,
				901F08C21FD690260013F608 /* AppDelegate.swift in Sources */,
			);
			runOnlyForDeploymentPostprocessing = 0;
		};
		901F08CE1FD690260013F608 /* Sources */ = {
			isa = PBXSourcesBuildPhase;
			buildActionMask = 2147483647;
			files = (
				901F08D71FD690260013F608 /* CollapsibleheadersTests.swift in Sources */,
			);
			runOnlyForDeploymentPostprocessing = 0;
		};
		901F08D91FD690260013F608 /* Sources */ = {
			isa = PBXSourcesBuildPhase;
			buildActionMask = 2147483647;
			files = (
				901F08E21FD690260013F608 /* CollapsibleheadersUITests.swift in Sources */,
			);
			runOnlyForDeploymentPostprocessing = 0;
		};
/* End PBXSourcesBuildPhase section */

/* Begin PBXTargetDependency section */
		901F08D41FD690260013F608 /* PBXTargetDependency */ = {
			isa = PBXTargetDependency;
			target = 901F08BD1FD690250013F608 /* Collapsibleheaders */;
			targetProxy = 901F08D31FD690260013F608 /* PBXContainerItemProxy */;
		};
		901F08DF1FD690260013F608 /* PBXTargetDependency */ = {
			isa = PBXTargetDependency;
			target = 901F08BD1FD690250013F608 /* Collapsibleheaders */;
			targetProxy = 901F08DE1FD690260013F608 /* PBXContainerItemProxy */;
		};
/* End PBXTargetDependency section */

/* Begin PBXVariantGroup section */
		901F08C51FD690260013F608 /* Main.storyboard */ = {
			isa = PBXVariantGroup;
			children = (
				901F08C61FD690260013F608 /* Base */,
			);
			name = Main.storyboard;
			sourceTree = "<group>";
		};
		901F08CA1FD690260013F608 /* LaunchScreen.storyboard */ = {
			isa = PBXVariantGroup;
			children = (
				901F08CB1FD690260013F608 /* Base */,
			);
			name = LaunchScreen.storyboard;
			sourceTree = "<group>";
		};
/* End PBXVariantGroup section */

/* Begin XCBuildConfiguration section */
		901F08E41FD690260013F608 /* Debug */ = {
			isa = XCBuildConfiguration;
			buildSettings = {
				ALWAYS_SEARCH_USER_PATHS = NO;
				CLANG_ANALYZER_NONNULL = YES;
				CLANG_ANALYZER_NUMBER_OBJECT_CONVERSION = YES_AGGRESSIVE;
				CLANG_CXX_LANGUAGE_STANDARD = "gnu++14";
				CLANG_CXX_LIBRARY = "libc++";
				CLANG_ENABLE_MODULES = YES;
				CLANG_ENABLE_OBJC_ARC = YES;
				CLANG_WARN_BLOCK_CAPTURE_AUTORELEASING = YES;
				CLANG_WARN_BOOL_CONVERSION = YES;
				CLANG_WARN_COMMA = YES;
				CLANG_WARN_CONSTANT_CONVERSION = YES;
				CLANG_WARN_DIRECT_OBJC_ISA_USAGE = YES_ERROR;
				CLANG_WARN_DOCUMENTATION_COMMENTS = YES;
				CLANG_WARN_EMPTY_BODY = YES;
				CLANG_WARN_ENUM_CONVERSION = YES;
				CLANG_WARN_INFINITE_RECURSION = YES;
				CLANG_WARN_INT_CONVERSION = YES;
				CLANG_WARN_NON_LITERAL_NULL_CONVERSION = YES;
				CLANG_WARN_OBJC_LITERAL_CONVERSION = YES;
				CLANG_WARN_OBJC_ROOT_CLASS = YES_ERROR;
				CLANG_WARN_RANGE_LOOP_ANALYSIS = YES;
				CLANG_WARN_STRICT_PROTOTYPES = YES;
				CLANG_WARN_SUSPICIOUS_MOVE = YES;
				CLANG_WARN_UNGUARDED_AVAILABILITY = YES_AGGRESSIVE;
				CLANG_WARN_UNREACHABLE_CODE = YES;
				CLANG_WARN__DUPLICATE_METHOD_MATCH = YES;
				CODE_SIGN_IDENTITY = "iPhone Developer";
				COPY_PHASE_STRIP = NO;
				DEBUG_INFORMATION_FORMAT = dwarf;
				ENABLE_STRICT_OBJC_MSGSEND = YES;
				ENABLE_TESTABILITY = YES;
				GCC_C_LANGUAGE_STANDARD = gnu11;
				GCC_DYNAMIC_NO_PIC = NO;
				GCC_NO_COMMON_BLOCKS = YES;
				GCC_OPTIMIZATION_LEVEL = 0;
				GCC_PREPROCESSOR_DEFINITIONS = (
					"DEBUG=1",
					"$(inherited)",
				);
				GCC_WARN_64_TO_32_BIT_CONVERSION = YES;
				GCC_WARN_ABOUT_RETURN_TYPE = YES_ERROR;
				GCC_WARN_UNDECLARED_SELECTOR = YES;
				GCC_WARN_UNINITIALIZED_AUTOS = YES_AGGRESSIVE;
				GCC_WARN_UNUSED_FUNCTION = YES;
				GCC_WARN_UNUSED_VARIABLE = YES;
				IPHONEOS_DEPLOYMENT_TARGET = 11.1;
				MTL_ENABLE_DEBUG_INFO = YES;
				ONLY_ACTIVE_ARCH = YES;
				SDKROOT = iphoneos;
				SWIFT_ACTIVE_COMPILATION_CONDITIONS = DEBUG;
				SWIFT_OPTIMIZATION_LEVEL = "-Onone";
			};
			name = Debug;
		};
		901F08E51FD690260013F608 /* Release */ = {
			isa = XCBuildConfiguration;
			buildSettings = {
				ALWAYS_SEARCH_USER_PATHS = NO;
				CLANG_ANALYZER_NONNULL = YES;
				CLANG_ANALYZER_NUMBER_OBJECT_CONVERSION = YES_AGGRESSIVE;
				CLANG_CXX_LANGUAGE_STANDARD = "gnu++14";
				CLANG_CXX_LIBRARY = "libc++";
				CLANG_ENABLE_MODULES = YES;
				CLANG_ENABLE_OBJC_ARC = YES;
				CLANG_WARN_BLOCK_CAPTURE_AUTORELEASING = YES;
				CLANG_WARN_BOOL_CONVERSION = YES;
				CLANG_WARN_COMMA = YES;
				CLANG_WARN_CONSTANT_CONVERSION = YES;
				CLANG_WARN_DIRECT_OBJC_ISA_USAGE = YES_ERROR;
				CLANG_WARN_DOCUMENTATION_COMMENTS = YES;
				CLANG_WARN_EMPTY_BODY = YES;
				CLANG_WARN_ENUM_CONVERSION = YES;
				CLANG_WARN_INFINITE_RECURSION = YES;
				CLANG_WARN_INT_CONVERSION = YES;
				CLANG_WARN_NON_LITERAL_NULL_CONVERSION = YES;
				CLANG_WARN_OBJC_LITERAL_CONVERSION = YES;
				CLANG_WARN_OBJC_ROOT_CLASS = YES_ERROR;
				CLANG_WARN_RANGE_LOOP_ANALYSIS = YES;
				CLANG_WARN_STRICT_PROTOTYPES = YES;
				CLANG_WARN_SUSPICIOUS_MOVE = YES;
				CLANG_WARN_UNGUARDED_AVAILABILITY = YES_AGGRESSIVE;
				CLANG_WARN_UNREACHABLE_CODE = YES;
				CLANG_WARN__DUPLICATE_METHOD_MATCH = YES;
				CODE_SIGN_IDENTITY = "iPhone Developer";
				COPY_PHASE_STRIP = NO;
				DEBUG_INFORMATION_FORMAT = "dwarf-with-dsym";
				ENABLE_NS_ASSERTIONS = NO;
				ENABLE_STRICT_OBJC_MSGSEND = YES;
				GCC_C_LANGUAGE_STANDARD = gnu11;
				GCC_NO_COMMON_BLOCKS = YES;
				GCC_WARN_64_TO_32_BIT_CONVERSION = YES;
				GCC_WARN_ABOUT_RETURN_TYPE = YES_ERROR;
				GCC_WARN_UNDECLARED_SELECTOR = YES;
				GCC_WARN_UNINITIALIZED_AUTOS = YES_AGGRESSIVE;
				GCC_WARN_UNUSED_FUNCTION = YES;
				GCC_WARN_UNUSED_VARIABLE = YES;
				IPHONEOS_DEPLOYMENT_TARGET = 11.1;
				MTL_ENABLE_DEBUG_INFO = NO;
				SDKROOT = iphoneos;
				SWIFT_OPTIMIZATION_LEVEL = "-Owholemodule";
				VALIDATE_PRODUCT = YES;
			};
			name = Release;
		};
		901F08E71FD690260013F608 /* Debug */ = {
			isa = XCBuildConfiguration;
			buildSettings = {
				ASSETCATALOG_COMPILER_APPICON_NAME = AppIcon;
				CODE_SIGN_STYLE = Automatic;
				DEVELOPMENT_TEAM = CWK29L7ZPT;
				INFOPLIST_FILE = Collapsibleheaders/Info.plist;
				LD_RUNPATH_SEARCH_PATHS = "$(inherited) @executable_path/Frameworks";
				PRODUCT_BUNDLE_IDENTIFIER = com.bensmithinc.KLMTrip.Collapsibleheaders;
				PRODUCT_NAME = "$(TARGET_NAME)";
				SWIFT_VERSION = 4.0;
				TARGETED_DEVICE_FAMILY = "1,2";
			};
			name = Debug;
		};
		901F08E81FD690260013F608 /* Release */ = {
			isa = XCBuildConfiguration;
			buildSettings = {
				ASSETCATALOG_COMPILER_APPICON_NAME = AppIcon;
				CODE_SIGN_STYLE = Automatic;
				DEVELOPMENT_TEAM = CWK29L7ZPT;
				INFOPLIST_FILE = Collapsibleheaders/Info.plist;
				LD_RUNPATH_SEARCH_PATHS = "$(inherited) @executable_path/Frameworks";
				PRODUCT_BUNDLE_IDENTIFIER = com.bensmithinc.KLMTrip.Collapsibleheaders;
				PRODUCT_NAME = "$(TARGET_NAME)";
				SWIFT_VERSION = 4.0;
				TARGETED_DEVICE_FAMILY = "1,2";
			};
			name = Release;
		};
		901F08EA1FD690260013F608 /* Debug */ = {
			isa = XCBuildConfiguration;
			buildSettings = {
				ALWAYS_EMBED_SWIFT_STANDARD_LIBRARIES = YES;
				BUNDLE_LOADER = "$(TEST_HOST)";
				CODE_SIGN_STYLE = Automatic;
				DEVELOPMENT_TEAM = CWK29L7ZPT;
				INFOPLIST_FILE = CollapsibleheadersTests/Info.plist;
				LD_RUNPATH_SEARCH_PATHS = "$(inherited) @executable_path/Frameworks @loader_path/Frameworks";
				PRODUCT_BUNDLE_IDENTIFIER = com.bensmithinc.KLMTrip.CollapsibleheadersTests;
				PRODUCT_NAME = "$(TARGET_NAME)";
				SWIFT_VERSION = 4.0;
				TARGETED_DEVICE_FAMILY = "1,2";
				TEST_HOST = "$(BUILT_PRODUCTS_DIR)/Collapsibleheaders.app/Collapsibleheaders";
			};
			name = Debug;
		};
		901F08EB1FD690260013F608 /* Release */ = {
			isa = XCBuildConfiguration;
			buildSettings = {
				ALWAYS_EMBED_SWIFT_STANDARD_LIBRARIES = YES;
				BUNDLE_LOADER = "$(TEST_HOST)";
				CODE_SIGN_STYLE = Automatic;
				DEVELOPMENT_TEAM = CWK29L7ZPT;
				INFOPLIST_FILE = CollapsibleheadersTests/Info.plist;
				LD_RUNPATH_SEARCH_PATHS = "$(inherited) @executable_path/Frameworks @loader_path/Frameworks";
				PRODUCT_BUNDLE_IDENTIFIER = com.bensmithinc.KLMTrip.CollapsibleheadersTests;
				PRODUCT_NAME = "$(TARGET_NAME)";
				SWIFT_VERSION = 4.0;
				TARGETED_DEVICE_FAMILY = "1,2";
				TEST_HOST = "$(BUILT_PRODUCTS_DIR)/Collapsibleheaders.app/Collapsibleheaders";
			};
			name = Release;
		};
		901F08ED1FD690260013F608 /* Debug */ = {
			isa = XCBuildConfiguration;
			buildSettings = {
				ALWAYS_EMBED_SWIFT_STANDARD_LIBRARIES = YES;
				CODE_SIGN_STYLE = Automatic;
				DEVELOPMENT_TEAM = CWK29L7ZPT;
				INFOPLIST_FILE = CollapsibleheadersUITests/Info.plist;
				LD_RUNPATH_SEARCH_PATHS = "$(inherited) @executable_path/Frameworks @loader_path/Frameworks";
				PRODUCT_BUNDLE_IDENTIFIER = com.bensmithinc.KLMTrip.CollapsibleheadersUITests;
				PRODUCT_NAME = "$(TARGET_NAME)";
				SWIFT_VERSION = 4.0;
				TARGETED_DEVICE_FAMILY = "1,2";
				TEST_TARGET_NAME = Collapsibleheaders;
			};
			name = Debug;
		};
		901F08EE1FD690260013F608 /* Release */ = {
			isa = XCBuildConfiguration;
			buildSettings = {
				ALWAYS_EMBED_SWIFT_STANDARD_LIBRARIES = YES;
				CODE_SIGN_STYLE = Automatic;
				DEVELOPMENT_TEAM = CWK29L7ZPT;
				INFOPLIST_FILE = CollapsibleheadersUITests/Info.plist;
				LD_RUNPATH_SEARCH_PATHS = "$(inherited) @executable_path/Frameworks @loader_path/Frameworks";
				PRODUCT_BUNDLE_IDENTIFIER = com.bensmithinc.KLMTrip.CollapsibleheadersUITests;
				PRODUCT_NAME = "$(TARGET_NAME)";
				SWIFT_VERSION = 4.0;
				TARGETED_DEVICE_FAMILY = "1,2";
				TEST_TARGET_NAME = Collapsibleheaders;
			};
			name = Release;
		};
/* End XCBuildConfiguration section */

/* Begin XCConfigurationList section */
		901F08B91FD690250013F608 /* Build configuration list for PBXProject "Collapsibleheaders" */ = {
			isa = XCConfigurationList;
			buildConfigurations = (
				901F08E41FD690260013F608 /* Debug */,
				901F08E51FD690260013F608 /* Release */,
			);
			defaultConfigurationIsVisible = 0;
			defaultConfigurationName = Release;
		};
		901F08E61FD690260013F608 /* Build configuration list for PBXNativeTarget "Collapsibleheaders" */ = {
			isa = XCConfigurationList;
			buildConfigurations = (
				901F08E71FD690260013F608 /* Debug */,
				901F08E81FD690260013F608 /* Release */,
			);
			defaultConfigurationIsVisible = 0;
			defaultConfigurationName = Release;
		};
		901F08E91FD690260013F608 /* Build configuration list for PBXNativeTarget "CollapsibleheadersTests" */ = {
			isa = XCConfigurationList;
			buildConfigurations = (
				901F08EA1FD690260013F608 /* Debug */,
				901F08EB1FD690260013F608 /* Release */,
			);
			defaultConfigurationIsVisible = 0;
			defaultConfigurationName = Release;
		};
		901F08EC1FD690260013F608 /* Build configuration list for PBXNativeTarget "CollapsibleheadersUITests" */ = {
			isa = XCConfigurationList;
			buildConfigurations = (
				901F08ED1FD690260013F608 /* Debug */,
				901F08EE1FD690260013F608 /* Release */,
			);
			defaultConfigurationIsVisible = 0;
			defaultConfigurationName = Release;
		};
/* End XCConfigurationList section */
	};
	rootObject = 901F08B61FD690250013F608 /* Project object */;
}
